
Microsoft Visual Studio Solution File, Format Version 12.00
# Visual Studio Version 16
VisualStudioVersion = 16.0.30128.74
MinimumVisualStudioVersion = 10.0.40219.1
Project("{FAE04EC0-301F-11D3-BF4B-00C04F79EFBC}") = "HackerNewsAPI", "HackerNewsAPI\HackerNewsAPI.csproj", "{F2123954-8E70-4D04-BC16-6CBE59320408}"
EndProject
Project("{FAE04EC0-301F-11D3-BF4B-00C04F79EFBC}") = "HackerNewsAPITests", "HackerNewsAPITests\HackerNewsAPITests.csproj", "{B474D5D2-FAF9-46BF-956D-57750201B3DC}"
EndProject
Global
	GlobalSection(SolutionConfigurationPlatforms) = preSolution
		Debug|Any CPU = Debug|Any CPU
		Release|Any CPU = Release|Any CPU
	EndGlobalSection
	GlobalSection(ProjectConfigurationPlatforms) = postSolution
		{F2123954-8E70-4D04-BC16-6CBE59320408}.Debug|Any CPU.ActiveCfg = Debug|Any CPU
		{F2123954-8E70-4D04-BC16-6CBE59320408}.Debug|Any CPU.Build.0 = Debug|Any CPU
		{F2123954-8E70-4D04-BC16-6CBE59320408}.Release|Any CPU.ActiveCfg = Release|Any CPU
		{F2123954-8E70-4D04-BC16-6CBE59320408}.Release|Any CPU.Build.0 = Release|Any CPU
		{B474D5D2-FAF9-46BF-956D-57750201B3DC}.Debug|Any CPU.ActiveCfg = Debug|Any CPU
		{B474D5D2-FAF9-46BF-956D-57750201B3DC}.Debug|Any CPU.Build.0 = Debug|Any CPU
		{B474D5D2-FAF9-46BF-956D-57750201B3DC}.Release|Any CPU.ActiveCfg = Release|Any CPU
		{B474D5D2-FAF9-46BF-956D-57750201B3DC}.Release|Any CPU.Build.0 = Release|Any CPU
	EndGlobalSection
	GlobalSection(SolutionProperties) = preSolution
		HideSolutionNode = FALSE
	EndGlobalSection
	GlobalSection(ExtensibilityGlobals) = postSolution
		SolutionGuid = {655F0984-8529-4830-B7B4-9D43C5A6CFB9}
	EndGlobalSection
EndGlobal
